{
  "version": 4,
  "terraform_version": "1.9.4",
  "serial": 4,
  "lineage": "69014f5f-c8a7-9c98-b30a-f2fb44ea3a6b",
  "outputs": {},
  "resources": [
    {
      "mode": "managed",
      "type": "azurerm_container_registry",
      "name": "cr",
      "provider": "provider[\"registry.terraform.io/hashicorp/azurerm\"]",
      "instances": [
        {
          "schema_version": 2,
          "attributes": {
            "admin_enabled": false,
            "admin_password": "",
            "admin_username": "",
            "anonymous_pull_enabled": false,
            "data_endpoint_enabled": false,
            "encryption": [
              {
                "enabled": false,
                "identity_client_id": "",
                "key_vault_key_id": ""
              }
            ],
            "export_policy_enabled": true,
            "georeplications": [],
            "id": "/subscriptions/31379c20-e573-4fb8-8d6d-ba7cabeb58ea/resourceGroups/gallyBoitsTerraform-rg/providers/Microsoft.ContainerRegistry/registries/gallyBoitsTerraformRegistry",
            "identity": [],
            "location": "francecentral",
            "login_server": "gallyboitsterraformregistry.azurecr.io",
            "name": "gallyBoitsTerraformRegistry",
            "network_rule_bypass_option": "AzureServices",
            "network_rule_set": [],
            "public_network_access_enabled": true,
            "quarantine_policy_enabled": false,
            "resource_group_name": "gallyBoitsTerraform-rg",
            "retention_policy": [
              {
                "days": 7,
                "enabled": false
              }
            ],
            "sku": "Basic",
            "tags": null,
            "timeouts": null,
            "trust_policy": [
              {
                "enabled": false
              }
            ],
            "zone_redundancy_enabled": false
          },
          "sensitive_attributes": [
            [
              {
                "type": "get_attr",
                "value": "admin_password"
              }
            ]
          ],
          "private": "eyJlMmJmYjczMC1lY2FhLTExZTYtOGY4OC0zNDM2M2JjN2M0YzAiOnsiY3JlYXRlIjoxODAwMDAwMDAwMDAwLCJkZWxldGUiOjE4MDAwMDAwMDAwMDAsInJlYWQiOjMwMDAwMDAwMDAwMCwidXBkYXRlIjoxODAwMDAwMDAwMDAwfSwic2NoZW1hX3ZlcnNpb24iOiIyIn0=",
          "dependencies": [
            "azurerm_resource_group.rg"
          ]
        }
      ]
    },
    {
      "mode": "managed",
      "type": "azurerm_log_analytics_workspace",
      "name": "law",
      "provider": "provider[\"registry.terraform.io/hashicorp/azurerm\"]",
      "instances": [
        {
          "schema_version": 2,
          "attributes": {
            "daily_quota_gb": -1,
            "id": "/subscriptions/31379c20-e573-4fb8-8d6d-ba7cabeb58ea/resourceGroups/gallyBoitsTerraform-rg/providers/Microsoft.OperationalInsights/workspaces/gallyBoitsTerraform-law",
            "internet_ingestion_enabled": true,
            "internet_query_enabled": true,
            "location": "francecentral",
            "name": "gallyBoitsTerraform-law",
            "primary_shared_key": "3cZ58pf2KggW8zWC6tKYuAPo7kUSvdfaew5IbC9qs5L07Y+cEVNTLbVcOMPfHavo/Qu7PQ13bDJCQXtgiepYgA==",
            "reservation_capacity_in_gb_per_day": null,
            "resource_group_name": "gallyBoitsTerraform-rg",
            "retention_in_days": 30,
            "secondary_shared_key": "5d1t5N7AnLMlnnDNtZeAqKmy4Sl4TzUWkru2PZsyc3yk12TfJ/iPmBwEnRUnxo6gpMUcray5GkBEWeo+ftmapA==",
            "sku": "PerGB2018",
            "tags": null,
            "timeouts": null,
            "workspace_id": "f8db3049-a6b4-47bb-bbcb-c9463c758058"
          },
          "sensitive_attributes": [
            [
              {
                "type": "get_attr",
                "value": "secondary_shared_key"
              }
            ],
            [
              {
                "type": "get_attr",
                "value": "primary_shared_key"
              }
            ]
          ],
          "private": "eyJlMmJmYjczMC1lY2FhLTExZTYtOGY4OC0zNDM2M2JjN2M0YzAiOnsiY3JlYXRlIjoxODAwMDAwMDAwMDAwLCJkZWxldGUiOjE4MDAwMDAwMDAwMDAsInJlYWQiOjMwMDAwMDAwMDAwMCwidXBkYXRlIjoxODAwMDAwMDAwMDAwfSwic2NoZW1hX3ZlcnNpb24iOiIyIn0=",
          "dependencies": [
            "azurerm_resource_group.rg"
          ]
        }
      ]
    },
    {
      "mode": "managed",
      "type": "azurerm_resource_group",
      "name": "rg",
      "provider": "provider[\"registry.terraform.io/hashicorp/azurerm\"]",
      "instances": [
        {
          "schema_version": 0,
          "attributes": {
            "id": "/subscriptions/31379c20-e573-4fb8-8d6d-ba7cabeb58ea/resourceGroups/gallyBoitsTerraform-rg",
            "location": "francecentral",
            "name": "gallyBoitsTerraform-rg",
            "tags": null,
            "timeouts": null
          },
          "sensitive_attributes": [],
          "private": "eyJlMmJmYjczMC1lY2FhLTExZTYtOGY4OC0zNDM2M2JjN2M0YzAiOnsiY3JlYXRlIjo1NDAwMDAwMDAwMDAwLCJkZWxldGUiOjU0MDAwMDAwMDAwMDAsInJlYWQiOjMwMDAwMDAwMDAwMCwidXBkYXRlIjo1NDAwMDAwMDAwMDAwfX0="
        }
      ]
    }
  ],
  "check_results": [
    {
      "object_kind": "var",
      "config_addr": "var.project_name",
      "status": "pass",
      "objects": [
        {
          "object_addr": "var.project_name",
          "status": "pass"
        }
      ]
    },
    {
      "object_kind": "var",
      "config_addr": "var.gally_prefix",
      "status": "pass",
      "objects": [
        {
          "object_addr": "var.gally_prefix",
          "status": "pass"
        }
      ]
    }
  ]
}
